
Microsoft Visual Studio Solution File, Format Version 12.00
# Visual Studio Version 17
VisualStudioVersion = 17.0.31903.59
MinimumVisualStudioVersion = 10.0.40219.1
Project("{2150E333-8FDC-42A3-9474-1A3956D46DE8}") = "src", "src", "{827E0CD3-B72D-47B6-A68D-7590B98EB39B}"
EndProject
Project("{FAE04EC0-301F-11D3-BF4B-00C04F79EFBC}") = "ParcelManagement.Core", "src\ParcelManagement.Core\ParcelManagement.Core.csproj", "{CF04A790-A908-4B82-AA9E-B7AFEE85030B}"
EndProject
Project("{FAE04EC0-301F-11D3-BF4B-00C04F79EFBC}") = "ParcelManagement.Infrastructure", "src\ParcelManagement.Infrastructure\ParcelManagement.Infrastructure.csproj", "{0D1F5EED-F690-49F6-9771-E562091569FA}"
EndProject
Project("{FAE04EC0-301F-11D3-BF4B-00C04F79EFBC}") = "ParcelManagement.Api", "src\ParcelManagement.Api\ParcelManagement.Api.csproj", "{67190694-77D9-4237-B6BC-F83A1AF078BF}"
EndProject
Project("{FAE04EC0-301F-11D3-BF4B-00C04F79EFBC}") = "ParcelManagement.Test", "src\ParcelManagement.Test\ParcelManagement.Test.csproj", "{62A3B5D1-0FD4-4AA3-9CC2-D080387F55D1}"
EndProject
Project("{FAE04EC0-301F-11D3-BF4B-00C04F79EFBC}") = "ParcelManagement.Test.Integration", "src\ParcelManagement.Test.Integration\ParcelManagement.Test.Integration.csproj", "{0DA07D2B-7B89-4AF4-B979-A9BD13D0A745}"
EndProject
Global
	GlobalSection(SolutionConfigurationPlatforms) = preSolution
		Debug|Any CPU = Debug|Any CPU
		Debug|x64 = Debug|x64
		Debug|x86 = Debug|x86
		Release|Any CPU = Release|Any CPU
		Release|x64 = Release|x64
		Release|x86 = Release|x86
	EndGlobalSection
	GlobalSection(ProjectConfigurationPlatforms) = postSolution
		{CF04A790-A908-4B82-AA9E-B7AFEE85030B}.Debug|Any CPU.ActiveCfg = Debug|Any CPU
		{CF04A790-A908-4B82-AA9E-B7AFEE85030B}.Debug|Any CPU.Build.0 = Debug|Any CPU
		{CF04A790-A908-4B82-AA9E-B7AFEE85030B}.Debug|x64.ActiveCfg = Debug|Any CPU
		{CF04A790-A908-4B82-AA9E-B7AFEE85030B}.Debug|x64.Build.0 = Debug|Any CPU
		{CF04A790-A908-4B82-AA9E-B7AFEE85030B}.Debug|x86.ActiveCfg = Debug|Any CPU
		{CF04A790-A908-4B82-AA9E-B7AFEE85030B}.Debug|x86.Build.0 = Debug|Any CPU
		{CF04A790-A908-4B82-AA9E-B7AFEE85030B}.Release|Any CPU.ActiveCfg = Release|Any CPU
		{CF04A790-A908-4B82-AA9E-B7AFEE85030B}.Release|Any CPU.Build.0 = Release|Any CPU
		{CF04A790-A908-4B82-AA9E-B7AFEE85030B}.Release|x64.ActiveCfg = Release|Any CPU
		{CF04A790-A908-4B82-AA9E-B7AFEE85030B}.Release|x64.Build.0 = Release|Any CPU
		{CF04A790-A908-4B82-AA9E-B7AFEE85030B}.Release|x86.ActiveCfg = Release|Any CPU
		{CF04A790-A908-4B82-AA9E-B7AFEE85030B}.Release|x86.Build.0 = Release|Any CPU
		{0D1F5EED-F690-49F6-9771-E562091569FA}.Debug|Any CPU.ActiveCfg = Debug|Any CPU
		{0D1F5EED-F690-49F6-9771-E562091569FA}.Debug|Any CPU.Build.0 = Debug|Any CPU
		{0D1F5EED-F690-49F6-9771-E562091569FA}.Debug|x64.ActiveCfg = Debug|Any CPU
		{0D1F5EED-F690-49F6-9771-E562091569FA}.Debug|x64.Build.0 = Debug|Any CPU
		{0D1F5EED-F690-49F6-9771-E562091569FA}.Debug|x86.ActiveCfg = Debug|Any CPU
		{0D1F5EED-F690-49F6-9771-E562091569FA}.Debug|x86.Build.0 = Debug|Any CPU
		{0D1F5EED-F690-49F6-9771-E562091569FA}.Release|Any CPU.ActiveCfg = Release|Any CPU
		{0D1F5EED-F690-49F6-9771-E562091569FA}.Release|Any CPU.Build.0 = Release|Any CPU
		{0D1F5EED-F690-49F6-9771-E562091569FA}.Release|x64.ActiveCfg = Release|Any CPU
		{0D1F5EED-F690-49F6-9771-E562091569FA}.Release|x64.Build.0 = Release|Any CPU
		{0D1F5EED-F690-49F6-9771-E562091569FA}.Release|x86.ActiveCfg = Release|Any CPU
		{0D1F5EED-F690-49F6-9771-E562091569FA}.Release|x86.Build.0 = Release|Any CPU
		{67190694-77D9-4237-B6BC-F83A1AF078BF}.Debug|Any CPU.ActiveCfg = Debug|Any CPU
		{67190694-77D9-4237-B6BC-F83A1AF078BF}.Debug|Any CPU.Build.0 = Debug|Any CPU
		{67190694-77D9-4237-B6BC-F83A1AF078BF}.Debug|x64.ActiveCfg = Debug|Any CPU
		{67190694-77D9-4237-B6BC-F83A1AF078BF}.Debug|x64.Build.0 = Debug|Any CPU
		{67190694-77D9-4237-B6BC-F83A1AF078BF}.Debug|x86.ActiveCfg = Debug|Any CPU
		{67190694-77D9-4237-B6BC-F83A1AF078BF}.Debug|x86.Build.0 = Debug|Any CPU
		{67190694-77D9-4237-B6BC-F83A1AF078BF}.Release|Any CPU.ActiveCfg = Release|Any CPU
		{67190694-77D9-4237-B6BC-F83A1AF078BF}.Release|Any CPU.Build.0 = Release|Any CPU
		{67190694-77D9-4237-B6BC-F83A1AF078BF}.Release|x64.ActiveCfg = Release|Any CPU
		{67190694-77D9-4237-B6BC-F83A1AF078BF}.Release|x64.Build.0 = Release|Any CPU
		{67190694-77D9-4237-B6BC-F83A1AF078BF}.Release|x86.ActiveCfg = Release|Any CPU
		{67190694-77D9-4237-B6BC-F83A1AF078BF}.Release|x86.Build.0 = Release|Any CPU
		{62A3B5D1-0FD4-4AA3-9CC2-D080387F55D1}.Debug|Any CPU.ActiveCfg = Debug|Any CPU
		{62A3B5D1-0FD4-4AA3-9CC2-D080387F55D1}.Debug|Any CPU.Build.0 = Debug|Any CPU
		{62A3B5D1-0FD4-4AA3-9CC2-D080387F55D1}.Debug|x64.ActiveCfg = Debug|Any CPU
		{62A3B5D1-0FD4-4AA3-9CC2-D080387F55D1}.Debug|x64.Build.0 = Debug|Any CPU
		{62A3B5D1-0FD4-4AA3-9CC2-D080387F55D1}.Debug|x86.ActiveCfg = Debug|Any CPU
		{62A3B5D1-0FD4-4AA3-9CC2-D080387F55D1}.Debug|x86.Build.0 = Debug|Any CPU
		{62A3B5D1-0FD4-4AA3-9CC2-D080387F55D1}.Release|Any CPU.ActiveCfg = Release|Any CPU
		{62A3B5D1-0FD4-4AA3-9CC2-D080387F55D1}.Release|Any CPU.Build.0 = Release|Any CPU
		{62A3B5D1-0FD4-4AA3-9CC2-D080387F55D1}.Release|x64.ActiveCfg = Release|Any CPU
		{62A3B5D1-0FD4-4AA3-9CC2-D080387F55D1}.Release|x64.Build.0 = Release|Any CPU
		{62A3B5D1-0FD4-4AA3-9CC2-D080387F55D1}.Release|x86.ActiveCfg = Release|Any CPU
		{62A3B5D1-0FD4-4AA3-9CC2-D080387F55D1}.Release|x86.Build.0 = Release|Any CPU
		{0DA07D2B-7B89-4AF4-B979-A9BD13D0A745}.Debug|Any CPU.ActiveCfg = Debug|Any CPU
		{0DA07D2B-7B89-4AF4-B979-A9BD13D0A745}.Debug|Any CPU.Build.0 = Debug|Any CPU
		{0DA07D2B-7B89-4AF4-B979-A9BD13D0A745}.Debug|x64.ActiveCfg = Debug|Any CPU
		{0DA07D2B-7B89-4AF4-B979-A9BD13D0A745}.Debug|x64.Build.0 = Debug|Any CPU
		{0DA07D2B-7B89-4AF4-B979-A9BD13D0A745}.Debug|x86.ActiveCfg = Debug|Any CPU
		{0DA07D2B-7B89-4AF4-B979-A9BD13D0A745}.Debug|x86.Build.0 = Debug|Any CPU
		{0DA07D2B-7B89-4AF4-B979-A9BD13D0A745}.Release|Any CPU.ActiveCfg = Release|Any CPU
		{0DA07D2B-7B89-4AF4-B979-A9BD13D0A745}.Release|Any CPU.Build.0 = Release|Any CPU
		{0DA07D2B-7B89-4AF4-B979-A9BD13D0A745}.Release|x64.ActiveCfg = Release|Any CPU
		{0DA07D2B-7B89-4AF4-B979-A9BD13D0A745}.Release|x64.Build.0 = Release|Any CPU
		{0DA07D2B-7B89-4AF4-B979-A9BD13D0A745}.Release|x86.ActiveCfg = Release|Any CPU
		{0DA07D2B-7B89-4AF4-B979-A9BD13D0A745}.Release|x86.Build.0 = Release|Any CPU
	EndGlobalSection
	GlobalSection(SolutionProperties) = preSolution
		HideSolutionNode = FALSE
	EndGlobalSection
	GlobalSection(NestedProjects) = preSolution
		{CF04A790-A908-4B82-AA9E-B7AFEE85030B} = {827E0CD3-B72D-47B6-A68D-7590B98EB39B}
		{0D1F5EED-F690-49F6-9771-E562091569FA} = {827E0CD3-B72D-47B6-A68D-7590B98EB39B}
		{67190694-77D9-4237-B6BC-F83A1AF078BF} = {827E0CD3-B72D-47B6-A68D-7590B98EB39B}
		{62A3B5D1-0FD4-4AA3-9CC2-D080387F55D1} = {827E0CD3-B72D-47B6-A68D-7590B98EB39B}
		{0DA07D2B-7B89-4AF4-B979-A9BD13D0A745} = {827E0CD3-B72D-47B6-A68D-7590B98EB39B}
	EndGlobalSection
EndGlobal
